
Microsoft Visual Studio Solution File, Format Version 12.00
# Visual Studio Version 17
VisualStudioVersion = 17.11.35222.181
MinimumVisualStudioVersion = 10.0.40219.1
Project("{9A19103F-16F7-4668-BE54-9A1E7A4F7556}") = "starwarsapp", "starwarsapp.csproj", "{195CAAA6-5A30-4C54-949F-6F7151F51248}"
EndProject
Global
	GlobalSection(SolutionConfigurationPlatforms) = preSolution
		Debug|Any CPU = Debug|Any CPU
		Release|Any CPU = Release|Any CPU
	EndGlobalSection
	GlobalSection(ProjectConfigurationPlatforms) = postSolution
		{195CAAA6-5A30-4C54-949F-6F7151F51248}.Debug|Any CPU.ActiveCfg = Debug|Any CPU
		{195CAAA6-5A30-4C54-949F-6F7151F51248}.Debug|Any CPU.Build.0 = Debug|Any CPU
		{195CAAA6-5A30-4C54-949F-6F7151F51248}.Release|Any CPU.ActiveCfg = Release|Any CPU
		{195CAAA6-5A30-4C54-949F-6F7151F51248}.Release|Any CPU.Build.0 = Release|Any CPU
	EndGlobalSection
	GlobalSection(SolutionProperties) = preSolution
		HideSolutionNode = FALSE
	EndGlobalSection
	GlobalSection(ExtensibilityGlobals) = postSolution
		SolutionGuid = {06691DFC-125E-4DE1-9B8A-636EF73A4EC3}
	EndGlobalSection
EndGlobal
